// !$*UTF8*$!
{
	archiveVersion = 1;
	classes = {
	};
	objectVersion = 50;
	objects = {

/* Begin PBXBuildFile section */
		4A015F1D22172D7E00AAA403 /* SearchResult.swift in Sources */ = {isa = PBXBuildFile; fileRef = 4A015F1C22172D7E00AAA403 /* SearchResult.swift */; };
		4A015F212217336D00AAA403 /* Service.swift in Sources */ = {isa = PBXBuildFile; fileRef = 4A015F202217336D00AAA403 /* Service.swift */; };
		4A021B2D22211A8C003037A0 /* AppDetailController.swift in Sources */ = {isa = PBXBuildFile; fileRef = 4A021B2C22211A8C003037A0 /* AppDetailController.swift */; };
		4A021B3022212350003037A0 /* AppDetailCell.swift in Sources */ = {isa = PBXBuildFile; fileRef = 4A021B2F22212350003037A0 /* AppDetailCell.swift */; };
		4A021B3222213B4E003037A0 /* PreviewCell.swift in Sources */ = {isa = PBXBuildFile; fileRef = 4A021B3122213B4E003037A0 /* PreviewCell.swift */; };
		4A021B3422213EBA003037A0 /* PreviewScreenshotsController.swift in Sources */ = {isa = PBXBuildFile; fileRef = 4A021B3322213EBA003037A0 /* PreviewScreenshotsController.swift */; };
		4A0B89342215D2AF00AF3F64 /* SearchResultcell.swift in Sources */ = {isa = PBXBuildFile; fileRef = 4A0B89332215D2AF00AF3F64 /* SearchResultcell.swift */; };
		4A0B89372215D82C00AF3F64 /* UIView+Layout.swift in Sources */ = {isa = PBXBuildFile; fileRef = 4A0B89362215D82C00AF3F64 /* UIView+Layout.swift */; };
		4A0B89392215DB8A00AF3F64 /* VerticalStackView.swift in Sources */ = {isa = PBXBuildFile; fileRef = 4A0B89382215DB8A00AF3F64 /* VerticalStackView.swift */; };
		4A2E3B0E220EF2D100CF5589 /* AppDelegate.swift in Sources */ = {isa = PBXBuildFile; fileRef = 4A2E3B0D220EF2D100CF5589 /* AppDelegate.swift */; };
		4A2E3B15220EF2D200CF5589 /* Assets.xcassets in Resources */ = {isa = PBXBuildFile; fileRef = 4A2E3B14220EF2D200CF5589 /* Assets.xcassets */; };
		4A2E3B18220EF2D200CF5589 /* LaunchScreen.storyboard in Resources */ = {isa = PBXBuildFile; fileRef = 4A2E3B16220EF2D200CF5589 /* LaunchScreen.storyboard */; };
		4A2E3B20220EF37600CF5589 /* BaseTabBarController.swift in Sources */ = {isa = PBXBuildFile; fileRef = 4A2E3B1F220EF37600CF5589 /* BaseTabBarController.swift */; };
		4A2E3B23220EFA4C00CF5589 /* AppsSearchController.swift in Sources */ = {isa = PBXBuildFile; fileRef = 4A2E3B22220EFA4C00CF5589 /* AppsSearchController.swift */; };
		4A5AB6D5221DCBB2000553BA /* SocialApp.swift in Sources */ = {isa = PBXBuildFile; fileRef = 4A5AB6D4221DCBB2000553BA /* SocialApp.swift */; };
		4AA994FF22207A9700AEA21C /* HorizontalSnappingController.swift in Sources */ = {isa = PBXBuildFile; fileRef = 4AA994FE22207A9700AEA21C /* HorizontalSnappingController.swift */; };
		4AAC7B6F2218823F006D5984 /* AppsPageController.swift in Sources */ = {isa = PBXBuildFile; fileRef = 4AAC7B6E2218823F006D5984 /* AppsPageController.swift */; };
		4AAC7B72221882EF006D5984 /* BaseListController.swift in Sources */ = {isa = PBXBuildFile; fileRef = 4AAC7B71221882EE006D5984 /* BaseListController.swift */; };
		4AAC7B762218851A006D5984 /* AppsGroupCell.swift in Sources */ = {isa = PBXBuildFile; fileRef = 4AAC7B752218851A006D5984 /* AppsGroupCell.swift */; };
		4AAC7B792218888C006D5984 /* AppsHorizontalController.swift in Sources */ = {isa = PBXBuildFile; fileRef = 4AAC7B782218888C006D5984 /* AppsHorizontalController.swift */; };
		4AAC7B7B22189DD2006D5984 /* AppRowCell.swift in Sources */ = {isa = PBXBuildFile; fileRef = 4AAC7B7A22189DD2006D5984 /* AppRowCell.swift */; };
		4AAC7B7D22189E67006D5984 /* Extensions.swift in Sources */ = {isa = PBXBuildFile; fileRef = 4AAC7B7C22189E67006D5984 /* Extensions.swift */; };
		4AB642FA2219A2CB00B3D2A1 /* AppsPageHeader.swift in Sources */ = {isa = PBXBuildFile; fileRef = 4AB642F92219A2CB00B3D2A1 /* AppsPageHeader.swift */; };
		4AB642FC2219A4B600B3D2A1 /* AppsHeaderHorizontalController.swift in Sources */ = {isa = PBXBuildFile; fileRef = 4AB642FB2219A4B600B3D2A1 /* AppsHeaderHorizontalController.swift */; };
		4AB642FE2219A6B000B3D2A1 /* AppsHeaderCell.swift in Sources */ = {isa = PBXBuildFile; fileRef = 4AB642FD2219A6B000B3D2A1 /* AppsHeaderCell.swift */; };
		4AB643002219BAE900B3D2A1 /* AppGroup.swift in Sources */ = {isa = PBXBuildFile; fileRef = 4AB642FF2219BAE900B3D2A1 /* AppGroup.swift */; };
		4AC8E7642222DBC300EBB336 /* ReviewRollCell.swift in Sources */ = {isa = PBXBuildFile; fileRef = 4AC8E7632222DBC300EBB336 /* ReviewRollCell.swift */; };
		4AC8E7662222DD0300EBB336 /* ReviewsController.swift in Sources */ = {isa = PBXBuildFile; fileRef = 4AC8E7652222DD0300EBB336 /* ReviewsController.swift */; };
		4AC8E7682222DF1000EBB336 /* ReviewCell.swift in Sources */ = {isa = PBXBuildFile; fileRef = 4AC8E7672222DF1000EBB336 /* ReviewCell.swift */; };
		BF69485285540CE044C73D3E /* Pods_AppStore.framework in Frameworks */ = {isa = PBXBuildFile; fileRef = 7B9D7F9F5404525F68F6F226 /* Pods_AppStore.framework */; };
/* End PBXBuildFile section */

/* Begin PBXFileReference section */
		4A015F1C22172D7E00AAA403 /* SearchResult.swift */ = {isa = PBXFileReference; lastKnownFileType = sourcecode.swift; path = SearchResult.swift; sourceTree = "<group>"; };
		4A015F202217336D00AAA403 /* Service.swift */ = {isa = PBXFileReference; lastKnownFileType = sourcecode.swift; path = Service.swift; sourceTree = "<group>"; };
		4A021B2C22211A8C003037A0 /* AppDetailController.swift */ = {isa = PBXFileReference; lastKnownFileType = sourcecode.swift; path = AppDetailController.swift; sourceTree = "<group>"; };
		4A021B2F22212350003037A0 /* AppDetailCell.swift */ = {isa = PBXFileReference; lastKnownFileType = sourcecode.swift; path = AppDetailCell.swift; sourceTree = "<group>"; };
		4A021B3122213B4E003037A0 /* PreviewCell.swift */ = {isa = PBXFileReference; lastKnownFileType = sourcecode.swift; path = PreviewCell.swift; sourceTree = "<group>"; };
		4A021B3322213EBA003037A0 /* PreviewScreenshotsController.swift */ = {isa = PBXFileReference; lastKnownFileType = sourcecode.swift; path = PreviewScreenshotsController.swift; sourceTree = "<group>"; };
		4A0B89332215D2AF00AF3F64 /* SearchResultcell.swift */ = {isa = PBXFileReference; lastKnownFileType = sourcecode.swift; path = SearchResultcell.swift; sourceTree = "<group>"; };
		4A0B89362215D82C00AF3F64 /* UIView+Layout.swift */ = {isa = PBXFileReference; fileEncoding = 4; lastKnownFileType = sourcecode.swift; path = "UIView+Layout.swift"; sourceTree = "<group>"; };
		4A0B89382215DB8A00AF3F64 /* VerticalStackView.swift */ = {isa = PBXFileReference; lastKnownFileType = sourcecode.swift; path = VerticalStackView.swift; sourceTree = "<group>"; };
		4A2E3B0A220EF2D100CF5589 /* AppStore.app */ = {isa = PBXFileReference; explicitFileType = wrapper.application; includeInIndex = 0; path = AppStore.app; sourceTree = BUILT_PRODUCTS_DIR; };
		4A2E3B0D220EF2D100CF5589 /* AppDelegate.swift */ = {isa = PBXFileReference; lastKnownFileType = sourcecode.swift; path = AppDelegate.swift; sourceTree = "<group>"; };
		4A2E3B14220EF2D200CF5589 /* Assets.xcassets */ = {isa = PBXFileReference; lastKnownFileType = folder.assetcatalog; path = Assets.xcassets; sourceTree = "<group>"; };
		4A2E3B17220EF2D200CF5589 /* Base */ = {isa = PBXFileReference; lastKnownFileType = file.storyboard; name = Base; path = Base.lproj/LaunchScreen.storyboard; sourceTree = "<group>"; };
		4A2E3B19220EF2D200CF5589 /* Info.plist */ = {isa = PBXFileReference; lastKnownFileType = text.plist.xml; path = Info.plist; sourceTree = "<group>"; };
		4A2E3B1F220EF37600CF5589 /* BaseTabBarController.swift */ = {isa = PBXFileReference; lastKnownFileType = sourcecode.swift; path = BaseTabBarController.swift; sourceTree = "<group>"; };
		4A2E3B22220EFA4C00CF5589 /* AppsSearchController.swift */ = {isa = PBXFileReference; lastKnownFileType = sourcecode.swift; path = AppsSearchController.swift; sourceTree = "<group>"; };
		4A5AB6D4221DCBB2000553BA /* SocialApp.swift */ = {isa = PBXFileReference; lastKnownFileType = sourcecode.swift; path = SocialApp.swift; sourceTree = "<group>"; };
		4AA994FE22207A9700AEA21C /* HorizontalSnappingController.swift */ = {isa = PBXFileReference; lastKnownFileType = sourcecode.swift; path = HorizontalSnappingController.swift; sourceTree = "<group>"; };
		4AAC7B6E2218823F006D5984 /* AppsPageController.swift */ = {isa = PBXFileReference; lastKnownFileType = sourcecode.swift; path = AppsPageController.swift; sourceTree = "<group>"; };
		4AAC7B71221882EE006D5984 /* BaseListController.swift */ = {isa = PBXFileReference; lastKnownFileType = sourcecode.swift; path = BaseListController.swift; sourceTree = "<group>"; };
		4AAC7B752218851A006D5984 /* AppsGroupCell.swift */ = {isa = PBXFileReference; lastKnownFileType = sourcecode.swift; path = AppsGroupCell.swift; sourceTree = "<group>"; };
		4AAC7B782218888C006D5984 /* AppsHorizontalController.swift */ = {isa = PBXFileReference; lastKnownFileType = sourcecode.swift; path = AppsHorizontalController.swift; sourceTree = "<group>"; };
		4AAC7B7A22189DD2006D5984 /* AppRowCell.swift */ = {isa = PBXFileReference; lastKnownFileType = sourcecode.swift; path = AppRowCell.swift; sourceTree = "<group>"; };
		4AAC7B7C22189E67006D5984 /* Extensions.swift */ = {isa = PBXFileReference; lastKnownFileType = sourcecode.swift; path = Extensions.swift; sourceTree = "<group>"; };
		4AB642F92219A2CB00B3D2A1 /* AppsPageHeader.swift */ = {isa = PBXFileReference; lastKnownFileType = sourcecode.swift; path = AppsPageHeader.swift; sourceTree = "<group>"; };
		4AB642FB2219A4B600B3D2A1 /* AppsHeaderHorizontalController.swift */ = {isa = PBXFileReference; lastKnownFileType = sourcecode.swift; path = AppsHeaderHorizontalController.swift; sourceTree = "<group>"; };
		4AB642FD2219A6B000B3D2A1 /* AppsHeaderCell.swift */ = {isa = PBXFileReference; lastKnownFileType = sourcecode.swift; path = AppsHeaderCell.swift; sourceTree = "<group>"; };
		4AB642FF2219BAE900B3D2A1 /* AppGroup.swift */ = {isa = PBXFileReference; lastKnownFileType = sourcecode.swift; path = AppGroup.swift; sourceTree = "<group>"; };
		4AC8E7632222DBC300EBB336 /* ReviewRollCell.swift */ = {isa = PBXFileReference; lastKnownFileType = sourcecode.swift; path = ReviewRollCell.swift; sourceTree = "<group>"; };
		4AC8E7652222DD0300EBB336 /* ReviewsController.swift */ = {isa = PBXFileReference; lastKnownFileType = sourcecode.swift; path = ReviewsController.swift; sourceTree = "<group>"; };
		4AC8E7672222DF1000EBB336 /* ReviewCell.swift */ = {isa = PBXFileReference; lastKnownFileType = sourcecode.swift; path = ReviewCell.swift; sourceTree = "<group>"; };
		5C23401EF09EE7707FE7012F /* Pods-AppStore.release.xcconfig */ = {isa = PBXFileReference; includeInIndex = 1; lastKnownFileType = text.xcconfig; name = "Pods-AppStore.release.xcconfig"; path = "Pods/Target Support Files/Pods-AppStore/Pods-AppStore.release.xcconfig"; sourceTree = "<group>"; };
		7B9D7F9F5404525F68F6F226 /* Pods_AppStore.framework */ = {isa = PBXFileReference; explicitFileType = wrapper.framework; includeInIndex = 0; path = Pods_AppStore.framework; sourceTree = BUILT_PRODUCTS_DIR; };
		EF08BA385702EBC23F402E17 /* Pods-AppStore.debug.xcconfig */ = {isa = PBXFileReference; includeInIndex = 1; lastKnownFileType = text.xcconfig; name = "Pods-AppStore.debug.xcconfig"; path = "Pods/Target Support Files/Pods-AppStore/Pods-AppStore.debug.xcconfig"; sourceTree = "<group>"; };
/* End PBXFileReference section */

/* Begin PBXFrameworksBuildPhase section */
		4A2E3B07220EF2D100CF5589 /* Frameworks */ = {
			isa = PBXFrameworksBuildPhase;
			buildActionMask = 2147483647;
			files = (
				BF69485285540CE044C73D3E /* Pods_AppStore.framework in Frameworks */,
			);
			runOnlyForDeploymentPostprocessing = 0;
		};
/* End PBXFrameworksBuildPhase section */

/* Begin PBXGroup section */
		4A015F1B22172D6400AAA403 /* Model */ = {
			isa = PBXGroup;
			children = (
				4A015F1C22172D7E00AAA403 /* SearchResult.swift */,
				4AB642FF2219BAE900B3D2A1 /* AppGroup.swift */,
				4A5AB6D4221DCBB2000553BA /* SocialApp.swift */,
			);
			path = Model;
			sourceTree = "<group>";
		};
		4A015F1E2217335100AAA403 /* Service */ = {
			isa = PBXGroup;
			children = (
				4A015F202217336D00AAA403 /* Service.swift */,
			);
			path = Service;
			sourceTree = "<group>";
		};
		4A021B2E22212341003037A0 /* Details */ = {
			isa = PBXGroup;
			children = (
				4A021B2F22212350003037A0 /* AppDetailCell.swift */,
				4A021B3122213B4E003037A0 /* PreviewCell.swift */,
				4AC8E7632222DBC300EBB336 /* ReviewRollCell.swift */,
				4AC8E7672222DF1000EBB336 /* ReviewCell.swift */,
			);
			path = Details;
			sourceTree = "<group>";
		};
		4A0B89322215D29200AF3F64 /* View */ = {
			isa = PBXGroup;
			children = (
				4AAC7B772218855F006D5984 /* Search */,
				4AAC7B74221884EA006D5984 /* Apps */,
			);
			path = View;
			sourceTree = "<group>";
		};
		4A0B89352215D80300AF3F64 /* Helper */ = {
			isa = PBXGroup;
			children = (
				4AAC7B7C22189E67006D5984 /* Extensions.swift */,
				4A0B89362215D82C00AF3F64 /* UIView+Layout.swift */,
				4A0B89382215DB8A00AF3F64 /* VerticalStackView.swift */,
				4AAC7B71221882EE006D5984 /* BaseListController.swift */,
				4AA994FE22207A9700AEA21C /* HorizontalSnappingController.swift */,
			);
			path = Helper;
			sourceTree = "<group>";
		};
		4A2E3B01220EF2D100CF5589 = {
			isa = PBXGroup;
			children = (
				4A2E3B0C220EF2D100CF5589 /* AppStore */,
				4A2E3B0B220EF2D100CF5589 /* Products */,
				B967AD1562FE1C78D9603393 /* Pods */,
				7C7CC3DBEF3034423529F92D /* Frameworks */,
			);
			sourceTree = "<group>";
		};
		4A2E3B0B220EF2D100CF5589 /* Products */ = {
			isa = PBXGroup;
			children = (
				4A2E3B0A220EF2D100CF5589 /* AppStore.app */,
			);
			name = Products;
			sourceTree = "<group>";
		};
		4A2E3B0C220EF2D100CF5589 /* AppStore */ = {
			isa = PBXGroup;
			children = (
				4A2E3B0D220EF2D100CF5589 /* AppDelegate.swift */,
				4A2E3B1F220EF37600CF5589 /* BaseTabBarController.swift */,
				4A0B89352215D80300AF3F64 /* Helper */,
				4A015F1E2217335100AAA403 /* Service */,
				4A015F1B22172D6400AAA403 /* Model */,
				4A0B89322215D29200AF3F64 /* View */,
				4A2E3B21220EFA2200CF5589 /* Controller */,
				4A2E3B14220EF2D200CF5589 /* Assets.xcassets */,
				4A2E3B16220EF2D200CF5589 /* LaunchScreen.storyboard */,
				4A2E3B19220EF2D200CF5589 /* Info.plist */,
			);
			path = AppStore;
			sourceTree = "<group>";
		};
		4A2E3B21220EFA2200CF5589 /* Controller */ = {
			isa = PBXGroup;
			children = (
				4AAC7B732218839D006D5984 /* Search */,
				4AAC7B7022188259006D5984 /* Apps */,
			);
			path = Controller;
			sourceTree = "<group>";
		};
		4AAC7B7022188259006D5984 /* Apps */ = {
			isa = PBXGroup;
			children = (
				4AC8E7622222DB5200EBB336 /* Details */,
				4AAC7B6E2218823F006D5984 /* AppsPageController.swift */,
				4AAC7B782218888C006D5984 /* AppsHorizontalController.swift */,
				4AB642FB2219A4B600B3D2A1 /* AppsHeaderHorizontalController.swift */,
			);
			path = Apps;
			sourceTree = "<group>";
		};
		4AAC7B732218839D006D5984 /* Search */ = {
			isa = PBXGroup;
			children = (
				4A2E3B22220EFA4C00CF5589 /* AppsSearchController.swift */,
			);
			path = Search;
			sourceTree = "<group>";
		};
		4AAC7B74221884EA006D5984 /* Apps */ = {
			isa = PBXGroup;
			children = (
				4A021B2E22212341003037A0 /* Details */,
				4AAC7B752218851A006D5984 /* AppsGroupCell.swift */,
				4AAC7B7A22189DD2006D5984 /* AppRowCell.swift */,
				4AB642F92219A2CB00B3D2A1 /* AppsPageHeader.swift */,
				4AB642FD2219A6B000B3D2A1 /* AppsHeaderCell.swift */,
			);
			path = Apps;
			sourceTree = "<group>";
		};
		4AAC7B772218855F006D5984 /* Search */ = {
			isa = PBXGroup;
			children = (
				4A0B89332215D2AF00AF3F64 /* SearchResultcell.swift */,
			);
			path = Search;
			sourceTree = "<group>";
		};
		4AC8E7622222DB5200EBB336 /* Details */ = {
			isa = PBXGroup;
			children = (
				4AC8E7652222DD0300EBB336 /* ReviewsController.swift */,
				4A021B2C22211A8C003037A0 /* AppDetailController.swift */,
				4A021B3322213EBA003037A0 /* PreviewScreenshotsController.swift */,
			);
			name = Details;
			path = "New Group";
			sourceTree = "<group>";
		};
		7C7CC3DBEF3034423529F92D /* Frameworks */ = {
			isa = PBXGroup;
			children = (
				7B9D7F9F5404525F68F6F226 /* Pods_AppStore.framework */,
			);
			name = Frameworks;
			sourceTree = "<group>";
		};
		B967AD1562FE1C78D9603393 /* Pods */ = {
			isa = PBXGroup;
			children = (
				EF08BA385702EBC23F402E17 /* Pods-AppStore.debug.xcconfig */,
				5C23401EF09EE7707FE7012F /* Pods-AppStore.release.xcconfig */,
			);
			name = Pods;
			sourceTree = "<group>";
		};
/* End PBXGroup section */

/* Begin PBXNativeTarget section */
		4A2E3B09220EF2D100CF5589 /* AppStore */ = {
			isa = PBXNativeTarget;
			buildConfigurationList = 4A2E3B1C220EF2D200CF5589 /* Build configuration list for PBXNativeTarget "AppStore" */;
			buildPhases = (
				226838AFC4C18C163B336531 /* [CP] Check Pods Manifest.lock */,
				4A2E3B06220EF2D100CF5589 /* Sources */,
				4A2E3B07220EF2D100CF5589 /* Frameworks */,
				4A2E3B08220EF2D100CF5589 /* Resources */,
				F23F09E30F908E21CECF8098 /* [CP] Embed Pods Frameworks */,
			);
			buildRules = (
			);
			dependencies = (
			);
			name = AppStore;
			productName = AppStore;
			productReference = 4A2E3B0A220EF2D100CF5589 /* AppStore.app */;
			productType = "com.apple.product-type.application";
		};
/* End PBXNativeTarget section */

/* Begin PBXProject section */
		4A2E3B02220EF2D100CF5589 /* Project object */ = {
			isa = PBXProject;
			attributes = {
				LastSwiftUpdateCheck = 1010;
				LastUpgradeCheck = 1010;
				ORGANIZATIONNAME = Harry;
				TargetAttributes = {
					4A2E3B09220EF2D100CF5589 = {
						CreatedOnToolsVersion = 10.1;
					};
				};
			};
			buildConfigurationList = 4A2E3B05220EF2D100CF5589 /* Build configuration list for PBXProject "AppStore" */;
			compatibilityVersion = "Xcode 9.3";
			developmentRegion = en;
			hasScannedForEncodings = 0;
			knownRegions = (
				en,
				Base,
			);
			mainGroup = 4A2E3B01220EF2D100CF5589;
			productRefGroup = 4A2E3B0B220EF2D100CF5589 /* Products */;
			projectDirPath = "";
			projectRoot = "";
			targets = (
				4A2E3B09220EF2D100CF5589 /* AppStore */,
			);
		};
/* End PBXProject section */

/* Begin PBXResourcesBuildPhase section */
		4A2E3B08220EF2D100CF5589 /* Resources */ = {
			isa = PBXResourcesBuildPhase;
			buildActionMask = 2147483647;
			files = (
				4A2E3B18220EF2D200CF5589 /* LaunchScreen.storyboard in Resources */,
				4A2E3B15220EF2D200CF5589 /* Assets.xcassets in Resources */,
			);
			runOnlyForDeploymentPostprocessing = 0;
		};
/* End PBXResourcesBuildPhase section */

/* Begin PBXShellScriptBuildPhase section */
		226838AFC4C18C163B336531 /* [CP] Check Pods Manifest.lock */ = {
			isa = PBXShellScriptBuildPhase;
			buildActionMask = 2147483647;
			files = (
			);
			inputPaths = (
				"${PODS_PODFILE_DIR_PATH}/Podfile.lock",
				"${PODS_ROOT}/Manifest.lock",
			);
			name = "[CP] Check Pods Manifest.lock";
			outputPaths = (
				"$(DERIVED_FILE_DIR)/Pods-AppStore-checkManifestLockResult.txt",
			);
			runOnlyForDeploymentPostprocessing = 0;
			shellPath = /bin/sh;
			shellScript = "diff \"${PODS_PODFILE_DIR_PATH}/Podfile.lock\" \"${PODS_ROOT}/Manifest.lock\" > /dev/null\nif [ $? != 0 ] ; then\n    # print error to STDERR\n    echo \"error: The sandbox is not in sync with the Podfile.lock. Run 'pod install' or update your CocoaPods installation.\" >&2\n    exit 1\nfi\n# This output is used by Xcode 'outputs' to avoid re-running this script phase.\necho \"SUCCESS\" > \"${SCRIPT_OUTPUT_FILE_0}\"\n";
			showEnvVarsInLog = 0;
		};
		F23F09E30F908E21CECF8098 /* [CP] Embed Pods Frameworks */ = {
			isa = PBXShellScriptBuildPhase;
			buildActionMask = 2147483647;
			files = (
			);
			inputPaths = (
				"${SRCROOT}/Pods/Target Support Files/Pods-AppStore/Pods-AppStore-frameworks.sh",
				"${BUILT_PRODUCTS_DIR}/SDWebImage/SDWebImage.framework",
			);
			name = "[CP] Embed Pods Frameworks";
			outputPaths = (
				"${TARGET_BUILD_DIR}/${FRAMEWORKS_FOLDER_PATH}/SDWebImage.framework",
			);
			runOnlyForDeploymentPostprocessing = 0;
			shellPath = /bin/sh;
			shellScript = "\"${SRCROOT}/Pods/Target Support Files/Pods-AppStore/Pods-AppStore-frameworks.sh\"\n";
			showEnvVarsInLog = 0;
		};
/* End PBXShellScriptBuildPhase section */

/* Begin PBXSourcesBuildPhase section */
		4A2E3B06220EF2D100CF5589 /* Sources */ = {
			isa = PBXSourcesBuildPhase;
			buildActionMask = 2147483647;
			files = (
				4A021B2D22211A8C003037A0 /* AppDetailController.swift in Sources */,
				4AAC7B72221882EF006D5984 /* BaseListController.swift in Sources */,
				4A2E3B20220EF37600CF5589 /* BaseTabBarController.swift in Sources */,
				4AAC7B762218851A006D5984 /* AppsGroupCell.swift in Sources */,
				4AC8E7682222DF1000EBB336 /* ReviewCell.swift in Sources */,
				4A021B3422213EBA003037A0 /* PreviewScreenshotsController.swift in Sources */,
				4A021B3222213B4E003037A0 /* PreviewCell.swift in Sources */,
				4AB642FA2219A2CB00B3D2A1 /* AppsPageHeader.swift in Sources */,
				4A015F212217336D00AAA403 /* Service.swift in Sources */,
				4A5AB6D5221DCBB2000553BA /* SocialApp.swift in Sources */,
				4A015F1D22172D7E00AAA403 /* SearchResult.swift in Sources */,
				4A0B89392215DB8A00AF3F64 /* VerticalStackView.swift in Sources */,
				4A2E3B0E220EF2D100CF5589 /* AppDelegate.swift in Sources */,
				4AAC7B6F2218823F006D5984 /* AppsPageController.swift in Sources */,
				4A0B89342215D2AF00AF3F64 /* SearchResultcell.swift in Sources */,
				4AC8E7642222DBC300EBB336 /* ReviewRollCell.swift in Sources */,
				4AB642FE2219A6B000B3D2A1 /* AppsHeaderCell.swift in Sources */,
				4AB642FC2219A4B600B3D2A1 /* AppsHeaderHorizontalController.swift in Sources */,
				4A2E3B23220EFA4C00CF5589 /* AppsSearchController.swift in Sources */,
				4AB643002219BAE900B3D2A1 /* AppGroup.swift in Sources */,
				4AAC7B7B22189DD2006D5984 /* AppRowCell.swift in Sources */,
				4A0B89372215D82C00AF3F64 /* UIView+Layout.swift in Sources */,
				4AC8E7662222DD0300EBB336 /* ReviewsController.swift in Sources */,
				4AAC7B792218888C006D5984 /* AppsHorizontalController.swift in Sources */,
				4AAC7B7D22189E67006D5984 /* Extensions.swift in Sources */,
				4A021B3022212350003037A0 /* AppDetailCell.swift in Sources */,
				4AA994FF22207A9700AEA21C /* HorizontalSnappingController.swift in Sources */,
			);
			runOnlyForDeploymentPostprocessing = 0;
		};
/* End PBXSourcesBuildPhase section */

/* Begin PBXVariantGroup section */
		4A2E3B16220EF2D200CF5589 /* LaunchScreen.storyboard */ = {
			isa = PBXVariantGroup;
			children = (
				4A2E3B17220EF2D200CF5589 /* Base */,
			);
			name = LaunchScreen.storyboard;
			sourceTree = "<group>";
		};
/* End PBXVariantGroup section */

/* Begin XCBuildConfiguration section */
		4A2E3B1A220EF2D200CF5589 /* Debug */ = {
			isa = XCBuildConfiguration;
			buildSettings = {
				ALWAYS_SEARCH_USER_PATHS = NO;
				CLANG_ANALYZER_NONNULL = YES;
				CLANG_ANALYZER_NUMBER_OBJECT_CONVERSION = YES_AGGRESSIVE;
				CLANG_CXX_LANGUAGE_STANDARD = "gnu++14";
				CLANG_CXX_LIBRARY = "libc++";
				CLANG_ENABLE_MODULES = YES;
				CLANG_ENABLE_OBJC_ARC = YES;
				CLANG_ENABLE_OBJC_WEAK = YES;
				CLANG_WARN_BLOCK_CAPTURE_AUTORELEASING = YES;
				CLANG_WARN_BOOL_CONVERSION = YES;
				CLANG_WARN_COMMA = YES;
				CLANG_WARN_CONSTANT_CONVERSION = YES;
				CLANG_WARN_DEPRECATED_OBJC_IMPLEMENTATIONS = YES;
				CLANG_WARN_DIRECT_OBJC_ISA_USAGE = YES_ERROR;
				CLANG_WARN_DOCUMENTATION_COMMENTS = YES;
				CLANG_WARN_EMPTY_BODY = YES;
				CLANG_WARN_ENUM_CONVERSION = YES;
				CLANG_WARN_INFINITE_RECURSION = YES;
				CLANG_WARN_INT_CONVERSION = YES;
				CLANG_WARN_NON_LITERAL_NULL_CONVERSION = YES;
				CLANG_WARN_OBJC_IMPLICIT_RETAIN_SELF = YES;
				CLANG_WARN_OBJC_LITERAL_CONVERSION = YES;
				CLANG_WARN_OBJC_ROOT_CLASS = YES_ERROR;
				CLANG_WARN_RANGE_LOOP_ANALYSIS = YES;
				CLANG_WARN_STRICT_PROTOTYPES = YES;
				CLANG_WARN_SUSPICIOUS_MOVE = YES;
				CLANG_WARN_UNGUARDED_AVAILABILITY = YES_AGGRESSIVE;
				CLANG_WARN_UNREACHABLE_CODE = YES;
				CLANG_WARN__DUPLICATE_METHOD_MATCH = YES;
				CODE_SIGN_IDENTITY = "iPhone Developer";
				COPY_PHASE_STRIP = NO;
				DEBUG_INFORMATION_FORMAT = dwarf;
				ENABLE_STRICT_OBJC_MSGSEND = YES;
				ENABLE_TESTABILITY = YES;
				GCC_C_LANGUAGE_STANDARD = gnu11;
				GCC_DYNAMIC_NO_PIC = NO;
				GCC_NO_COMMON_BLOCKS = YES;
				GCC_OPTIMIZATION_LEVEL = 0;
				GCC_PREPROCESSOR_DEFINITIONS = (
					"DEBUG=1",
					"$(inherited)",
				);
				GCC_WARN_64_TO_32_BIT_CONVERSION = YES;
				GCC_WARN_ABOUT_RETURN_TYPE = YES_ERROR;
				GCC_WARN_UNDECLARED_SELECTOR = YES;
				GCC_WARN_UNINITIALIZED_AUTOS = YES_AGGRESSIVE;
				GCC_WARN_UNUSED_FUNCTION = YES;
				GCC_WARN_UNUSED_VARIABLE = YES;
				IPHONEOS_DEPLOYMENT_TARGET = 12.1;
				MTL_ENABLE_DEBUG_INFO = INCLUDE_SOURCE;
				MTL_FAST_MATH = YES;
				ONLY_ACTIVE_ARCH = YES;
				SDKROOT = iphoneos;
				SWIFT_ACTIVE_COMPILATION_CONDITIONS = DEBUG;
				SWIFT_OPTIMIZATION_LEVEL = "-Onone";
			};
			name = Debug;
		};
		4A2E3B1B220EF2D200CF5589 /* Release */ = {
			isa = XCBuildConfiguration;
			buildSettings = {
				ALWAYS_SEARCH_USER_PATHS = NO;
				CLANG_ANALYZER_NONNULL = YES;
				CLANG_ANALYZER_NUMBER_OBJECT_CONVERSION = YES_AGGRESSIVE;
				CLANG_CXX_LANGUAGE_STANDARD = "gnu++14";
				CLANG_CXX_LIBRARY = "libc++";
				CLANG_ENABLE_MODULES = YES;
				CLANG_ENABLE_OBJC_ARC = YES;
				CLANG_ENABLE_OBJC_WEAK = YES;
				CLANG_WARN_BLOCK_CAPTURE_AUTORELEASING = YES;
				CLANG_WARN_BOOL_CONVERSION = YES;
				CLANG_WARN_COMMA = YES;
				CLANG_WARN_CONSTANT_CONVERSION = YES;
				CLANG_WARN_DEPRECATED_OBJC_IMPLEMENTATIONS = YES;
				CLANG_WARN_DIRECT_OBJC_ISA_USAGE = YES_ERROR;
				CLANG_WARN_DOCUMENTATION_COMMENTS = YES;
				CLANG_WARN_EMPTY_BODY = YES;
				CLANG_WARN_ENUM_CONVERSION = YES;
				CLANG_WARN_INFINITE_RECURSION = YES;
				CLANG_WARN_INT_CONVERSION = YES;
				CLANG_WARN_NON_LITERAL_NULL_CONVERSION = YES;
				CLANG_WARN_OBJC_IMPLICIT_RETAIN_SELF = YES;
				CLANG_WARN_OBJC_LITERAL_CONVERSION = YES;
				CLANG_WARN_OBJC_ROOT_CLASS = YES_ERROR;
				CLANG_WARN_RANGE_LOOP_ANALYSIS = YES;
				CLANG_WARN_STRICT_PROTOTYPES = YES;
				CLANG_WARN_SUSPICIOUS_MOVE = YES;
				CLANG_WARN_UNGUARDED_AVAILABILITY = YES_AGGRESSIVE;
				CLANG_WARN_UNREACHABLE_CODE = YES;
				CLANG_WARN__DUPLICATE_METHOD_MATCH = YES;
				CODE_SIGN_IDENTITY = "iPhone Developer";
				COPY_PHASE_STRIP = NO;
				DEBUG_INFORMATION_FORMAT = "dwarf-with-dsym";
				ENABLE_NS_ASSERTIONS = NO;
				ENABLE_STRICT_OBJC_MSGSEND = YES;
				GCC_C_LANGUAGE_STANDARD = gnu11;
				GCC_NO_COMMON_BLOCKS = YES;
				GCC_WARN_64_TO_32_BIT_CONVERSION = YES;
				GCC_WARN_ABOUT_RETURN_TYPE = YES_ERROR;
				GCC_WARN_UNDECLARED_SELECTOR = YES;
				GCC_WARN_UNINITIALIZED_AUTOS = YES_AGGRESSIVE;
				GCC_WARN_UNUSED_FUNCTION = YES;
				GCC_WARN_UNUSED_VARIABLE = YES;
				IPHONEOS_DEPLOYMENT_TARGET = 12.1;
				MTL_ENABLE_DEBUG_INFO = NO;
				MTL_FAST_MATH = YES;
				SDKROOT = iphoneos;
				SWIFT_COMPILATION_MODE = wholemodule;
				SWIFT_OPTIMIZATION_LEVEL = "-O";
				VALIDATE_PRODUCT = YES;
			};
			name = Release;
		};
		4A2E3B1D220EF2D200CF5589 /* Debug */ = {
			isa = XCBuildConfiguration;
			baseConfigurationReference = EF08BA385702EBC23F402E17 /* Pods-AppStore.debug.xcconfig */;
			buildSettings = {
				ASSETCATALOG_COMPILER_APPICON_NAME = AppIcon;
				CODE_SIGN_STYLE = Automatic;
				DEVELOPMENT_TEAM = 46SPJZ9KQP;
				INFOPLIST_FILE = AppStore/Info.plist;
				LD_RUNPATH_SEARCH_PATHS = (
					"$(inherited)",
					"@executable_path/Frameworks",
				);
				PRODUCT_BUNDLE_IDENTIFIER = com.harryng.AppStore;
				PRODUCT_NAME = "$(TARGET_NAME)";
				SWIFT_VERSION = 4.2;
				TARGETED_DEVICE_FAMILY = "1,2";
			};
			name = Debug;
		};
		4A2E3B1E220EF2D200CF5589 /* Release */ = {
			isa = XCBuildConfiguration;
			baseConfigurationReference = 5C23401EF09EE7707FE7012F /* Pods-AppStore.release.xcconfig */;
			buildSettings = {
				ASSETCATALOG_COMPILER_APPICON_NAME = AppIcon;
				CODE_SIGN_STYLE = Automatic;
				DEVELOPMENT_TEAM = 46SPJZ9KQP;
				INFOPLIST_FILE = AppStore/Info.plist;
				LD_RUNPATH_SEARCH_PATHS = (
					"$(inherited)",
					"@executable_path/Frameworks",
				);
				PRODUCT_BUNDLE_IDENTIFIER = com.harryng.AppStore;
				PRODUCT_NAME = "$(TARGET_NAME)";
				SWIFT_VERSION = 4.2;
				TARGETED_DEVICE_FAMILY = "1,2";
			};
			name = Release;
		};
/* End XCBuildConfiguration section */

/* Begin XCConfigurationList section */
		4A2E3B05220EF2D100CF5589 /* Build configuration list for PBXProject "AppStore" */ = {
			isa = XCConfigurationList;
			buildConfigurations = (
				4A2E3B1A220EF2D200CF5589 /* Debug */,
				4A2E3B1B220EF2D200CF5589 /* Release */,
			);
			defaultConfigurationIsVisible = 0;
			defaultConfigurationName = Release;
		};
		4A2E3B1C220EF2D200CF5589 /* Build configuration list for PBXNativeTarget "AppStore" */ = {
			isa = XCConfigurationList;
			buildConfigurations = (
				4A2E3B1D220EF2D200CF5589 /* Debug */,
				4A2E3B1E220EF2D200CF5589 /* Release */,
			);
			defaultConfigurationIsVisible = 0;
			defaultConfigurationName = Release;
		};
/* End XCConfigurationList section */
	};
	rootObject = 4A2E3B02220EF2D100CF5589 /* Project object */;
}
